
Microsoft Visual Studio Solution File, Format Version 12.00
# Visual Studio 15
VisualStudioVersion = 15.0.28010.2036
MinimumVisualStudioVersion = 10.0.40219.1
Project("{FAE04EC0-301F-11D3-BF4B-00C04F79EFBC}") = "Starwars", "Starwars\Starwars.csproj", "{0BCC0248-0B63-494A-81E6-5EBD175F3C61}"
EndProject
Project("{FAE04EC0-301F-11D3-BF4B-00C04F79EFBC}") = "Starwars.UnitTests", "Starwars.UnitTests\Starwars.UnitTests.csproj", "{A8255B89-68DE-4D57-9001-FA7EC6355534}"
EndProject
Global
	GlobalSection(SolutionConfigurationPlatforms) = preSolution
		Debug|Any CPU = Debug|Any CPU
		Release|Any CPU = Release|Any CPU
	EndGlobalSection
	GlobalSection(ProjectConfigurationPlatforms) = postSolution
		{0BCC0248-0B63-494A-81E6-5EBD175F3C61}.Debug|Any CPU.ActiveCfg = Debug|Any CPU
		{0BCC0248-0B63-494A-81E6-5EBD175F3C61}.Debug|Any CPU.Build.0 = Debug|Any CPU
		{0BCC0248-0B63-494A-81E6-5EBD175F3C61}.Release|Any CPU.ActiveCfg = Release|Any CPU
		{0BCC0248-0B63-494A-81E6-5EBD175F3C61}.Release|Any CPU.Build.0 = Release|Any CPU
		{A8255B89-68DE-4D57-9001-FA7EC6355534}.Debug|Any CPU.ActiveCfg = Debug|Any CPU
		{A8255B89-68DE-4D57-9001-FA7EC6355534}.Debug|Any CPU.Build.0 = Debug|Any CPU
		{A8255B89-68DE-4D57-9001-FA7EC6355534}.Release|Any CPU.ActiveCfg = Release|Any CPU
		{A8255B89-68DE-4D57-9001-FA7EC6355534}.Release|Any CPU.Build.0 = Release|Any CPU
	EndGlobalSection
	GlobalSection(SolutionProperties) = preSolution
		HideSolutionNode = FALSE
	EndGlobalSection
	GlobalSection(ExtensibilityGlobals) = postSolution
		SolutionGuid = {143912D2-158A-44D5-81CF-DBCEB7C5BB1C}
	EndGlobalSection
EndGlobal
